schema: '2.0'
stages:
  prepare_data@lfw:
    cmd: bash scripts/prepare_data.sh lfw
    deps:
    - path: data/lfw
      hash: md5
      md5: f60ed6a5b84d6b382dccef0f9aca6c84.dir
      size: 44476651
      nfiles: 9164
    - path: src/config.py
      hash: md5
      md5: 37d6b16b46ade8c8022f604783e1ada4
      size: 2053
    - path: src/prepare_data.py
      hash: md5
      md5: 3a37ff93ea9beaeca9e3bb9fc12d937a
      size: 8988
    outs:
    - path: data/lfw_baseline_stats.json
      hash: md5
      md5: 0a895e8692b96c863854e987b701bbd7
      size: 1315
    - path: data/lfw_data_metrics.json
      hash: md5
      md5: fb78ed1f2236ff828d63fb57312a0646
      size: 157
    - path: data/lfw_manifest.json
      hash: md5
      md5: c38385bf321f22f8626c9cee7a9add12
      size: 294
  prepare_data@vgg6face:
    cmd: bash scripts/prepare_data.sh vgg6face
    deps:
    - path: data/vgg6face
      hash: md5
      md5: b78e47f5285f76d3e66dd9455a46d8f6.dir
      size: 2496073727
      nfiles: 197693
    - path: src/config.py
      hash: md5
      md5: 37d6b16b46ade8c8022f604783e1ada4
      size: 2053
    - path: src/prepare_data.py
      hash: md5
      md5: 3a37ff93ea9beaeca9e3bb9fc12d937a
      size: 8988
    outs:
    - path: data/vgg6face_baseline_stats.json
      hash: md5
      md5: c3c779a3e553ead1a59cc074a97f19e3
      size: 1319
    - path: data/vgg6face_data_metrics.json
      hash: md5
      md5: ec901b0898e2d7a5fe23566023140c74
      size: 157
    - path: data/vgg6face_manifest.json
      hash: md5
      md5: cc1aa41deba186e096d28be6e5c926aa
      size: 300
  train@lfw:
    cmd: bash scripts/train.sh lfw
    deps:
    - path: data/lfw_manifest.json
      hash: md5
      md5: c38385bf321f22f8626c9cee7a9add12
      size: 294
    - path: scripts/train.sh
      hash: md5
      md5: 276de8af472fa4eb2b1a90f00d5e4e58
      size: 4382
      isexec: true
    - path: src/config.py
      hash: md5
      md5: 37d6b16b46ade8c8022f604783e1ada4
      size: 2053
    - path: src/dataloader.py
      hash: md5
      md5: 6f6f5385128c46043b66f4a36a37670f
      size: 7705
    - path: src/model.py
      hash: md5
      md5: e174e8e00309ef53998e1e2f4cd7c87d
      size: 2097
    - path: src/sweep_optuna.py
      hash: md5
      md5: 4cdb0c09d1bb3218059a37dbfa58f3b1
      size: 6404
    - path: src/train.py
      hash: md5
      md5: 1ccfe3d998080190821d5946eb9e97a6
      size: 8816
    - path: src/utils.py
      hash: md5
      md5: 6b81a52a7d9d08a02517c0210899eaac
      size: 2957
    params:
      params.yaml:
        train:
          n_trials: 1
          n_epochs_per_trial: 1
          lr_min: 1e-05
          lr_max: 0.01
          margin_min: 0.2
          margin_max: 1.0
          mining_choices: semi
          batch_size: 32
          embedding_dim: 128
          dropout_rate: 0.3
          warmup_epochs: 5
    outs:
    - path: checkpoints/lfw_best_run.json
      hash: md5
      md5: 2523713329d9f0a2c7679746f8d49162
      size: 280
    - path: checkpoints/lfw_dvc_metrics.json
      hash: md5
      md5: 7cd5ac9b31290656600a202a484f3138
      size: 71
  prepare_data:
    cmd: bash scripts/prepare_data.sh vgg6face
    deps:
    - path: data/vgg6face
      hash: md5
      md5: b78e47f5285f76d3e66dd9455a46d8f6.dir
      size: 2496073727
      nfiles: 197693
    - path: src/config.py
      hash: md5
      md5: 6b6dee38743617785b98d4986a33f22b
      size: 2053
    - path: src/prepare_data.py
      hash: md5
      md5: 8ad31dfcbe9e0f514e3adcbb6024586c
      size: 8552
    outs:
    - path: data/vgg6face_baseline_stats.json
      hash: md5
      md5: cf7fcfba118b7b6228fe69fd0d35b9a1
      size: 1319
    - path: data/vgg6face_data_metrics.json
      hash: md5
      md5: f958e68d0196f11ae0776561d9db1333
      size: 156
    - path: data/vgg6face_manifest.json
      hash: md5
      md5: c326af83c5232e4915e3d9f5c2da995e
      size: 263
  train:
    cmd: bash scripts/train.sh vgg6face
    deps:
    - path: data/vgg6face_data_metrics.json
      hash: md5
      md5: f958e68d0196f11ae0776561d9db1333
      size: 156
    - path: data/vgg6face_manifest.json
      hash: md5
      md5: c326af83c5232e4915e3d9f5c2da995e
      size: 263
    - path: scripts/train.sh
      hash: md5
      md5: d60a3ebbac20c254b7644b2f894b28ac
      size: 4384
      isexec: true
    - path: src/config.py
      hash: md5
      md5: 6b6dee38743617785b98d4986a33f22b
      size: 2053
    - path: src/dataloader.py
      hash: md5
      md5: 78965b3ac79eada8c7186d93364cdcd3
      size: 7916
    - path: src/model.py
      hash: md5
      md5: fab8baf33c7c5ecc46df5a4f7c003c30
      size: 2294
    - path: src/sweep_optuna.py
      hash: md5
      md5: 786594df891b9fc686efa06602652c97
      size: 8082
    - path: src/train.py
      hash: md5
      md5: 038610ab9fda9ce5156e443e6b05cae0
      size: 9202
    - path: src/utils.py
      hash: md5
      md5: b484a5cf1c4e2a11e5c21ff6e9f1dc8e
      size: 2956
    params:
      params.yaml:
        train:
          n_trials: 1
          n_epochs_per_trial: 100
          lr_min: 0.0003
          lr_max: 0.0003
          margin_min: 0.95
          margin_max: 0.95
          mining_choices: semi
          batch_size: 32
          embedding_dim: 128
          dropout_rate: 0.3
          warmup_epochs: 58
    outs:
    - path: checkpoints/vgg6face_best_run.json
      hash: md5
      md5: 7f4e6a6f38df53c82637f6d65822d70b
      size: 227
    - path: checkpoints/vgg6face_dvc_metrics.json
      hash: md5
      md5: 2adf72d6779bf6da27ba85540ab54988
      size: 340
  register:
    cmd: bash scripts/register.sh vgg6face
    deps:
    - path: checkpoints/vgg6face_best_run.json
      hash: md5
      md5: 7f4e6a6f38df53c82637f6d65822d70b
      size: 227
    - path: src/register_model.py
      hash: md5
      md5: de7feee35d0fedca89a4bf39ce8cc3db
      size: 1423
    outs:
    - path: checkpoints/vgg6face_registered_version.txt
      hash: md5
      md5: c92841e00dbfeb12a0ce7fb3ffbd1fcb
      size: 3
